
Microsoft Visual Studio Solution File, Format Version 12.00
# Visual Studio Express 2013 for Windows Desktop
VisualStudioVersion = 12.0.40629.0
MinimumVisualStudioVersion = 10.0.40219.1
Project("{8BC9CEB8-8B4A-11D0-8D11-00A0C91BC942}") = "Tod", "Tod.vcxproj", "{0C936E33-BC5C-42CA-80B0-E5280E2C1967}"
EndProject
Project("{8BC9CEB8-8B4A-11D0-8D11-00A0C91BC942}") = "Tod.Wrapper", "..\Tod.Wrapper\Tod.Wrapper.vcxproj", "{E29C57B5-D727-4FC8-8A9B-53EF9B5DBAAD}"
EndProject
Project("{FAE04EC0-301F-11D3-BF4B-00C04F79EFBC}") = "Tod.Wrapper.UnitTest", "Tod.Wrapper.UnitTest\Tod.Wrapper.UnitTest.csproj", "{15AC9D22-27BF-4D9F-B9DC-673D362CABED}"
EndProject
Global
	GlobalSection(SolutionConfigurationPlatforms) = preSolution
		Debug|Any CPU = Debug|Any CPU
		Debug|Mixed Platforms = Debug|Mixed Platforms
		Debug|Win32 = Debug|Win32
		Debug|x64 = Debug|x64
		Release|Any CPU = Release|Any CPU
		Release|Mixed Platforms = Release|Mixed Platforms
		Release|Win32 = Release|Win32
		Release|x64 = Release|x64
	EndGlobalSection
	GlobalSection(ProjectConfigurationPlatforms) = postSolution
		{0C936E33-BC5C-42CA-80B0-E5280E2C1967}.Debug|Any CPU.ActiveCfg = Debug|Win32
		{0C936E33-BC5C-42CA-80B0-E5280E2C1967}.Debug|Mixed Platforms.ActiveCfg = Debug|Win32
		{0C936E33-BC5C-42CA-80B0-E5280E2C1967}.Debug|Mixed Platforms.Build.0 = Debug|Win32
		{0C936E33-BC5C-42CA-80B0-E5280E2C1967}.Debug|Win32.ActiveCfg = Debug|Win32
		{0C936E33-BC5C-42CA-80B0-E5280E2C1967}.Debug|Win32.Build.0 = Debug|Win32
		{0C936E33-BC5C-42CA-80B0-E5280E2C1967}.Debug|x64.ActiveCfg = Debug|x64
		{0C936E33-BC5C-42CA-80B0-E5280E2C1967}.Debug|x64.Build.0 = Debug|x64
		{0C936E33-BC5C-42CA-80B0-E5280E2C1967}.Release|Any CPU.ActiveCfg = Release|Win32
		{0C936E33-BC5C-42CA-80B0-E5280E2C1967}.Release|Mixed Platforms.ActiveCfg = Release|Win32
		{0C936E33-BC5C-42CA-80B0-E5280E2C1967}.Release|Mixed Platforms.Build.0 = Release|Win32
		{0C936E33-BC5C-42CA-80B0-E5280E2C1967}.Release|Win32.ActiveCfg = Release|Win32
		{0C936E33-BC5C-42CA-80B0-E5280E2C1967}.Release|Win32.Build.0 = Release|Win32
		{0C936E33-BC5C-42CA-80B0-E5280E2C1967}.Release|x64.ActiveCfg = Release|x64
		{0C936E33-BC5C-42CA-80B0-E5280E2C1967}.Release|x64.Build.0 = Release|x64
		{E29C57B5-D727-4FC8-8A9B-53EF9B5DBAAD}.Debug|Any CPU.ActiveCfg = Debug|Win32
		{E29C57B5-D727-4FC8-8A9B-53EF9B5DBAAD}.Debug|Mixed Platforms.ActiveCfg = Debug|Win32
		{E29C57B5-D727-4FC8-8A9B-53EF9B5DBAAD}.Debug|Mixed Platforms.Build.0 = Debug|Win32
		{E29C57B5-D727-4FC8-8A9B-53EF9B5DBAAD}.Debug|Win32.ActiveCfg = Debug|Win32
		{E29C57B5-D727-4FC8-8A9B-53EF9B5DBAAD}.Debug|Win32.Build.0 = Debug|Win32
		{E29C57B5-D727-4FC8-8A9B-53EF9B5DBAAD}.Debug|x64.ActiveCfg = Debug|x64
		{E29C57B5-D727-4FC8-8A9B-53EF9B5DBAAD}.Debug|x64.Build.0 = Debug|x64
		{E29C57B5-D727-4FC8-8A9B-53EF9B5DBAAD}.Release|Any CPU.ActiveCfg = Release|Win32
		{E29C57B5-D727-4FC8-8A9B-53EF9B5DBAAD}.Release|Mixed Platforms.ActiveCfg = Release|Win32
		{E29C57B5-D727-4FC8-8A9B-53EF9B5DBAAD}.Release|Mixed Platforms.Build.0 = Release|Win32
		{E29C57B5-D727-4FC8-8A9B-53EF9B5DBAAD}.Release|Win32.ActiveCfg = Release|Win32
		{E29C57B5-D727-4FC8-8A9B-53EF9B5DBAAD}.Release|Win32.Build.0 = Release|Win32
		{E29C57B5-D727-4FC8-8A9B-53EF9B5DBAAD}.Release|x64.ActiveCfg = Release|x64
		{E29C57B5-D727-4FC8-8A9B-53EF9B5DBAAD}.Release|x64.Build.0 = Release|x64
		{15AC9D22-27BF-4D9F-B9DC-673D362CABED}.Debug|Any CPU.ActiveCfg = Debug|Any CPU
		{15AC9D22-27BF-4D9F-B9DC-673D362CABED}.Debug|Any CPU.Build.0 = Debug|Any CPU
		{15AC9D22-27BF-4D9F-B9DC-673D362CABED}.Debug|Mixed Platforms.ActiveCfg = Debug|Any CPU
		{15AC9D22-27BF-4D9F-B9DC-673D362CABED}.Debug|Mixed Platforms.Build.0 = Debug|Any CPU
		{15AC9D22-27BF-4D9F-B9DC-673D362CABED}.Debug|Win32.ActiveCfg = Debug|x86
		{15AC9D22-27BF-4D9F-B9DC-673D362CABED}.Debug|Win32.Build.0 = Debug|x86
		{15AC9D22-27BF-4D9F-B9DC-673D362CABED}.Debug|x64.ActiveCfg = Debug|Any CPU
		{15AC9D22-27BF-4D9F-B9DC-673D362CABED}.Release|Any CPU.ActiveCfg = Release|Any CPU
		{15AC9D22-27BF-4D9F-B9DC-673D362CABED}.Release|Any CPU.Build.0 = Release|Any CPU
		{15AC9D22-27BF-4D9F-B9DC-673D362CABED}.Release|Mixed Platforms.ActiveCfg = Release|Any CPU
		{15AC9D22-27BF-4D9F-B9DC-673D362CABED}.Release|Mixed Platforms.Build.0 = Release|Any CPU
		{15AC9D22-27BF-4D9F-B9DC-673D362CABED}.Release|Win32.ActiveCfg = Release|Any CPU
		{15AC9D22-27BF-4D9F-B9DC-673D362CABED}.Release|x64.ActiveCfg = Release|Any CPU
	EndGlobalSection
	GlobalSection(SolutionProperties) = preSolution
		HideSolutionNode = FALSE
	EndGlobalSection
EndGlobal
