<?xml version="1.0" encoding="utf-8"?>
<Project ToolsVersion="4.0" xmlns="http://schemas.microsoft.com/developer/msbuild/2003">
  <ItemGroup>
    <Filter Include="inc">
      <UniqueIdentifier>{32dc9a44-ff8b-4da4-a806-2041dd0aae64}</UniqueIdentifier>
    </Filter>
  </ItemGroup>
  <ItemGroup>
    <ClCompile Include="src\2DRendererFactory.cpp" />
    <ClCompile Include="src\D2D1Renderer.cpp" />
    <ClCompile Include="src\stdafx.cpp" />
  </ItemGroup>
  <ItemGroup>
    <ClInclude Include="src\D2D1Renderer.h" />
    <ClInclude Include="src\stdafx.h" />
    <ClInclude Include="src\VertexFormat.h" />
    <ClInclude Include="inc\2DRendererFactory.h">
      <Filter>inc</Filter>
    </ClInclude>
    <ClInclude Include="inc\2DRenderers.h">
      <Filter>inc</Filter>
    </ClInclude>
    <ClInclude Include="inc\Colour.h">
      <Filter>inc</Filter>
    </ClInclude>
    <ClInclude Include="inc\I2DRenderer.h">
      <Filter>inc</Filter>
    </ClInclude>
    <ClInclude Include="inc\Rect.h">
      <Filter>inc</Filter>
    </ClInclude>
  </ItemGroup>
  <ItemGroup>
    <None Include="README.md" />
  </ItemGroup>
  <ItemGroup>
    <Text Include="License.txt" />
  </ItemGroup>
</Project>